
Microsoft Visual Studio Solution File, Format Version 12.00
# Visual Studio Version 16
VisualStudioVersion = 16.0.29519.87
MinimumVisualStudioVersion = 10.0.40219.1
Project("{9A19103F-16F7-4668-BE54-9A1E7A4F7556}") = "AdventOfCode.Day1.Puzzle1", "AdventOfCode.Day1.Puzzle1.csproj", "{234EEF2E-A079-4869-815E-A88B468EB4C6}"
EndProject
Global
	GlobalSection(SolutionConfigurationPlatforms) = preSolution
		Debug|Any CPU = Debug|Any CPU
		Release|Any CPU = Release|Any CPU
	EndGlobalSection
	GlobalSection(ProjectConfigurationPlatforms) = postSolution
		{234EEF2E-A079-4869-815E-A88B468EB4C6}.Debug|Any CPU.ActiveCfg = Debug|Any CPU
		{234EEF2E-A079-4869-815E-A88B468EB4C6}.Debug|Any CPU.Build.0 = Debug|Any CPU
		{234EEF2E-A079-4869-815E-A88B468EB4C6}.Release|Any CPU.ActiveCfg = Release|Any CPU
		{234EEF2E-A079-4869-815E-A88B468EB4C6}.Release|Any CPU.Build.0 = Release|Any CPU
	EndGlobalSection
	GlobalSection(SolutionProperties) = preSolution
		HideSolutionNode = FALSE
	EndGlobalSection
	GlobalSection(ExtensibilityGlobals) = postSolution
		SolutionGuid = {F1075338-7F19-4BF2-BE40-676B81409396}
	EndGlobalSection
EndGlobal
